
Microsoft Visual Studio Solution File, Format Version 12.00
# Visual Studio Version 17
VisualStudioVersion = 17.11.35327.3
MinimumVisualStudioVersion = 10.0.40219.1
Project("{FAE04EC0-301F-11D3-BF4B-00C04F79EFBC}") = "WebApiCloud3", "WebApiCloud3\WebApiCloud3.csproj", "{F739CE2D-6A2A-4FED-91A7-DB8BE4EB0AFB}"
EndProject
Global
	GlobalSection(SolutionConfigurationPlatforms) = preSolution
		Debug|Any CPU = Debug|Any CPU
		Release|Any CPU = Release|Any CPU
	EndGlobalSection
	GlobalSection(ProjectConfigurationPlatforms) = postSolution
		{F739CE2D-6A2A-4FED-91A7-DB8BE4EB0AFB}.Debug|Any CPU.ActiveCfg = Debug|Any CPU
		{F739CE2D-6A2A-4FED-91A7-DB8BE4EB0AFB}.Debug|Any CPU.Build.0 = Debug|Any CPU
		{F739CE2D-6A2A-4FED-91A7-DB8BE4EB0AFB}.Release|Any CPU.ActiveCfg = Release|Any CPU
		{F739CE2D-6A2A-4FED-91A7-DB8BE4EB0AFB}.Release|Any CPU.Build.0 = Release|Any CPU
	EndGlobalSection
	GlobalSection(SolutionProperties) = preSolution
		HideSolutionNode = FALSE
	EndGlobalSection
	GlobalSection(ExtensibilityGlobals) = postSolution
		SolutionGuid = {6F40FE6C-0433-49D2-8059-293F0418517D}
	EndGlobalSection
EndGlobal
